
Microsoft Visual Studio Solution File, Format Version 12.00
# Visual Studio Version 17
VisualStudioVersion = 17.7.34031.279
MinimumVisualStudioVersion = 10.0.40219.1
Project("{FAE04EC0-301F-11D3-BF4B-00C04F79EFBC}") = "ES 24.9", "ES 24.9.csproj", "{860842E1-C342-4C12-8202-C96EBA96F987}"
EndProject
Global
	GlobalSection(SolutionConfigurationPlatforms) = preSolution
		Debug|Any CPU = Debug|Any CPU
		Release|Any CPU = Release|Any CPU
	EndGlobalSection
	GlobalSection(ProjectConfigurationPlatforms) = postSolution
		{860842E1-C342-4C12-8202-C96EBA96F987}.Debug|Any CPU.ActiveCfg = Debug|Any CPU
		{860842E1-C342-4C12-8202-C96EBA96F987}.Debug|Any CPU.Build.0 = Debug|Any CPU
		{860842E1-C342-4C12-8202-C96EBA96F987}.Release|Any CPU.ActiveCfg = Release|Any CPU
		{860842E1-C342-4C12-8202-C96EBA96F987}.Release|Any CPU.Build.0 = Release|Any CPU
	EndGlobalSection
	GlobalSection(SolutionProperties) = preSolution
		HideSolutionNode = FALSE
	EndGlobalSection
	GlobalSection(ExtensibilityGlobals) = postSolution
		SolutionGuid = {FC64ECA3-64CC-458D-891D-4D2FEB20A382}
	EndGlobalSection
EndGlobal
